
Microsoft Visual Studio Solution File, Format Version 12.00
# Visual Studio Version 17
VisualStudioVersion = 17.2.32505.173
MinimumVisualStudioVersion = 10.0.40219.1
Project("{9A19103F-16F7-4668-BE54-9A1E7A4F7556}") = "AnimeDl", "AnimeDl\AnimeDl.csproj", "{8C04AC66-12B0-4038-9DE5-28724FD2068A}"
EndProject
Project("{9A19103F-16F7-4668-BE54-9A1E7A4F7556}") = "AnimeDl.DemoConsole", "AnimeDl.DemoConsole\AnimeDl.DemoConsole.csproj", "{EFE768BB-8A77-48BE-B109-86E3A67A287A}"
EndProject
Project("{2150E333-8FDC-42A3-9474-1A3956D46DE8}") = "Solution Items", "Solution Items", "{FEC3F1CA-EF22-4ADD-A712-691E6DC7CC3F}"
	ProjectSection(SolutionItems) = preProject
		.editorconfig = .editorconfig
		Directory.Build.props = Directory.Build.props
		README.md = README.md
	EndProjectSection
EndProject
Global
	GlobalSection(SolutionConfigurationPlatforms) = preSolution
		Debug|Any CPU = Debug|Any CPU
		Release|Any CPU = Release|Any CPU
	EndGlobalSection
	GlobalSection(ProjectConfigurationPlatforms) = postSolution
		{8C04AC66-12B0-4038-9DE5-28724FD2068A}.Debug|Any CPU.ActiveCfg = Debug|Any CPU
		{8C04AC66-12B0-4038-9DE5-28724FD2068A}.Debug|Any CPU.Build.0 = Debug|Any CPU
		{8C04AC66-12B0-4038-9DE5-28724FD2068A}.Release|Any CPU.ActiveCfg = Release|Any CPU
		{8C04AC66-12B0-4038-9DE5-28724FD2068A}.Release|Any CPU.Build.0 = Release|Any CPU
		{EFE768BB-8A77-48BE-B109-86E3A67A287A}.Debug|Any CPU.ActiveCfg = Debug|Any CPU
		{EFE768BB-8A77-48BE-B109-86E3A67A287A}.Debug|Any CPU.Build.0 = Debug|Any CPU
		{EFE768BB-8A77-48BE-B109-86E3A67A287A}.Release|Any CPU.ActiveCfg = Release|Any CPU
		{EFE768BB-8A77-48BE-B109-86E3A67A287A}.Release|Any CPU.Build.0 = Release|Any CPU
	EndGlobalSection
	GlobalSection(SolutionProperties) = preSolution
		HideSolutionNode = FALSE
	EndGlobalSection
	GlobalSection(ExtensibilityGlobals) = postSolution
		SolutionGuid = {C2627F24-3CB6-4366-81DE-CD99D0970AED}
	EndGlobalSection
EndGlobal
