
Microsoft Visual Studio Solution File, Format Version 12.00
# Visual Studio Version 16
VisualStudioVersion = 16.0.31911.196
MinimumVisualStudioVersion = 10.0.40219.1
Project("{FAE04EC0-301F-11D3-BF4B-00C04F79EFBC}") = "AnimeDl", "AnimeDl\AnimeDl.csproj", "{8C04AC66-12B0-4038-9DE5-28724FD2068A}"
EndProject
Project("{2150E333-8FDC-42A3-9474-1A3956D46DE8}") = "src", "src", "{34FF5A24-7B1E-4804-AE10-44BF1061EB64}"
EndProject
Global
	GlobalSection(SolutionConfigurationPlatforms) = preSolution
		Debug|Any CPU = Debug|Any CPU
		Release|Any CPU = Release|Any CPU
	EndGlobalSection
	GlobalSection(ProjectConfigurationPlatforms) = postSolution
		{8C04AC66-12B0-4038-9DE5-28724FD2068A}.Debug|Any CPU.ActiveCfg = Debug|Any CPU
		{8C04AC66-12B0-4038-9DE5-28724FD2068A}.Debug|Any CPU.Build.0 = Debug|Any CPU
		{8C04AC66-12B0-4038-9DE5-28724FD2068A}.Release|Any CPU.ActiveCfg = Release|Any CPU
		{8C04AC66-12B0-4038-9DE5-28724FD2068A}.Release|Any CPU.Build.0 = Release|Any CPU
	EndGlobalSection
	GlobalSection(SolutionProperties) = preSolution
		HideSolutionNode = FALSE
	EndGlobalSection
	GlobalSection(NestedProjects) = preSolution
		{8C04AC66-12B0-4038-9DE5-28724FD2068A} = {34FF5A24-7B1E-4804-AE10-44BF1061EB64}
	EndGlobalSection
	GlobalSection(ExtensibilityGlobals) = postSolution
		SolutionGuid = {C2627F24-3CB6-4366-81DE-CD99D0970AED}
	EndGlobalSection
EndGlobal
